// !$*UTF8*$!
{
	archiveVersion = 1;
	classes = {
	};
	objectVersion = 50;
	objects = {

/* Begin PBXBuildFile section */
		D3614276235F4CC80060B31B /* AppDelegate.swift in Sources */ = {isa = PBXBuildFile; fileRef = D3614275235F4CC80060B31B /* AppDelegate.swift */; };
		D3614278235F4CCA0060B31B /* Assets.xcassets in Resources */ = {isa = PBXBuildFile; fileRef = D3614277235F4CCA0060B31B /* Assets.xcassets */; };
		D361427B235F4CCA0060B31B /* MainMenu.xib in Resources */ = {isa = PBXBuildFile; fileRef = D3614279235F4CCA0060B31B /* MainMenu.xib */; };
		D3614288235F4DA60060B31B /* PCH_DialogBox.swift in Sources */ = {isa = PBXBuildFile; fileRef = D3614287235F4DA60060B31B /* PCH_DialogBox.swift */; };
		D361428A235F82540060B31B /* PCH_DialogBoxView.xib in Resources */ = {isa = PBXBuildFile; fileRef = D3614289235F82540060B31B /* PCH_DialogBoxView.xib */; };
/* End PBXBuildFile section */

/* Begin PBXFileReference section */
		D3614272235F4CC80060B31B /* PCH_DialogBoxBase.app */ = {isa = PBXFileReference; explicitFileType = wrapper.application; includeInIndex = 0; path = PCH_DialogBoxBase.app; sourceTree = BUILT_PRODUCTS_DIR; };
		D3614275235F4CC80060B31B /* AppDelegate.swift */ = {isa = PBXFileReference; lastKnownFileType = sourcecode.swift; path = AppDelegate.swift; sourceTree = "<group>"; };
		D3614277235F4CCA0060B31B /* Assets.xcassets */ = {isa = PBXFileReference; lastKnownFileType = folder.assetcatalog; path = Assets.xcassets; sourceTree = "<group>"; };
		D361427A235F4CCA0060B31B /* Base */ = {isa = PBXFileReference; lastKnownFileType = file.xib; name = Base; path = Base.lproj/MainMenu.xib; sourceTree = "<group>"; };
		D361427C235F4CCA0060B31B /* Info.plist */ = {isa = PBXFileReference; lastKnownFileType = text.plist.xml; path = Info.plist; sourceTree = "<group>"; };
		D361427D235F4CCA0060B31B /* PCH_DialogBoxBase.entitlements */ = {isa = PBXFileReference; lastKnownFileType = text.plist.entitlements; path = PCH_DialogBoxBase.entitlements; sourceTree = "<group>"; };
		D3614287235F4DA60060B31B /* PCH_DialogBox.swift */ = {isa = PBXFileReference; lastKnownFileType = sourcecode.swift; path = PCH_DialogBox.swift; sourceTree = "<group>"; };
		D3614289235F82540060B31B /* PCH_DialogBoxView.xib */ = {isa = PBXFileReference; lastKnownFileType = file.xib; path = PCH_DialogBoxView.xib; sourceTree = "<group>"; };
/* End PBXFileReference section */

/* Begin PBXFrameworksBuildPhase section */
		D361426F235F4CC80060B31B /* Frameworks */ = {
			isa = PBXFrameworksBuildPhase;
			buildActionMask = 2147483647;
			files = (
			);
			runOnlyForDeploymentPostprocessing = 0;
		};
/* End PBXFrameworksBuildPhase section */

/* Begin PBXGroup section */
		D3614269235F4CC80060B31B = {
			isa = PBXGroup;
			children = (
				D3614274235F4CC80060B31B /* PCH_DialogBoxBase */,
				D3614273235F4CC80060B31B /* Products */,
			);
			sourceTree = "<group>";
		};
		D3614273235F4CC80060B31B /* Products */ = {
			isa = PBXGroup;
			children = (
				D3614272235F4CC80060B31B /* PCH_DialogBoxBase.app */,
			);
			name = Products;
			sourceTree = "<group>";
		};
		D3614274235F4CC80060B31B /* PCH_DialogBoxBase */ = {
			isa = PBXGroup;
			children = (
				D3614275235F4CC80060B31B /* AppDelegate.swift */,
				D3614287235F4DA60060B31B /* PCH_DialogBox.swift */,
				D3614289235F82540060B31B /* PCH_DialogBoxView.xib */,
				D3614277235F4CCA0060B31B /* Assets.xcassets */,
				D3614279235F4CCA0060B31B /* MainMenu.xib */,
				D361427C235F4CCA0060B31B /* Info.plist */,
				D361427D235F4CCA0060B31B /* PCH_DialogBoxBase.entitlements */,
			);
			path = PCH_DialogBoxBase;
			sourceTree = "<group>";
		};
/* End PBXGroup section */

/* Begin PBXNativeTarget section */
		D3614271235F4CC80060B31B /* PCH_DialogBoxBase */ = {
			isa = PBXNativeTarget;
			buildConfigurationList = D3614280235F4CCA0060B31B /* Build configuration list for PBXNativeTarget "PCH_DialogBoxBase" */;
			buildPhases = (
				D361426E235F4CC80060B31B /* Sources */,
				D361426F235F4CC80060B31B /* Frameworks */,
				D3614270235F4CC80060B31B /* Resources */,
			);
			buildRules = (
			);
			dependencies = (
			);
			name = PCH_DialogBoxBase;
			productName = PCH_DialogBoxBase;
			productReference = D3614272235F4CC80060B31B /* PCH_DialogBoxBase.app */;
			productType = "com.apple.product-type.application";
		};
/* End PBXNativeTarget section */

/* Begin PBXProject section */
		D361426A235F4CC80060B31B /* Project object */ = {
			isa = PBXProject;
			attributes = {
				LastSwiftUpdateCheck = 1110;
				LastUpgradeCheck = 1110;
				ORGANIZATIONNAME = "Peter Huber";
				TargetAttributes = {
					D3614271235F4CC80060B31B = {
						CreatedOnToolsVersion = 11.1;
					};
				};
			};
			buildConfigurationList = D361426D235F4CC80060B31B /* Build configuration list for PBXProject "PCH_DialogBoxBase" */;
			compatibilityVersion = "Xcode 9.3";
			developmentRegion = en;
			hasScannedForEncodings = 0;
			knownRegions = (
				en,
				Base,
			);
			mainGroup = D3614269235F4CC80060B31B;
			productRefGroup = D3614273235F4CC80060B31B /* Products */;
			projectDirPath = "";
			projectRoot = "";
			targets = (
				D3614271235F4CC80060B31B /* PCH_DialogBoxBase */,
			);
		};
/* End PBXProject section */

/* Begin PBXResourcesBuildPhase section */
		D3614270235F4CC80060B31B /* Resources */ = {
			isa = PBXResourcesBuildPhase;
			buildActionMask = 2147483647;
			files = (
				D3614278235F4CCA0060B31B /* Assets.xcassets in Resources */,
				D361427B235F4CCA0060B31B /* MainMenu.xib in Resources */,
				D361428A235F82540060B31B /* PCH_DialogBoxView.xib in Resources */,
			);
			runOnlyForDeploymentPostprocessing = 0;
		};
/* End PBXResourcesBuildPhase section */

/* Begin PBXSourcesBuildPhase section */
		D361426E235F4CC80060B31B /* Sources */ = {
			isa = PBXSourcesBuildPhase;
			buildActionMask = 2147483647;
			files = (
				D3614288235F4DA60060B31B /* PCH_DialogBox.swift in Sources */,
				D3614276235F4CC80060B31B /* AppDelegate.swift in Sources */,
			);
			runOnlyForDeploymentPostprocessing = 0;
		};
/* End PBXSourcesBuildPhase section */

/* Begin PBXVariantGroup section */
		D3614279235F4CCA0060B31B /* MainMenu.xib */ = {
			isa = PBXVariantGroup;
			children = (
				D361427A235F4CCA0060B31B /* Base */,
			);
			name = MainMenu.xib;
			sourceTree = "<group>";
		};
/* End PBXVariantGroup section */

/* Begin XCBuildConfiguration section */
		D361427E235F4CCA0060B31B /* Debug */ = {
			isa = XCBuildConfiguration;
			buildSettings = {
				ALWAYS_SEARCH_USER_PATHS = NO;
				CLANG_ANALYZER_NONNULL = YES;
				CLANG_ANALYZER_NUMBER_OBJECT_CONVERSION = YES_AGGRESSIVE;
				CLANG_CXX_LANGUAGE_STANDARD = "gnu++14";
				CLANG_CXX_LIBRARY = "libc++";
				CLANG_ENABLE_MODULES = YES;
				CLANG_ENABLE_OBJC_ARC = YES;
				CLANG_ENABLE_OBJC_WEAK = YES;
				CLANG_WARN_BLOCK_CAPTURE_AUTORELEASING = YES;
				CLANG_WARN_BOOL_CONVERSION = YES;
				CLANG_WARN_COMMA = YES;
				CLANG_WARN_CONSTANT_CONVERSION = YES;
				CLANG_WARN_DEPRECATED_OBJC_IMPLEMENTATIONS = YES;
				CLANG_WARN_DIRECT_OBJC_ISA_USAGE = YES_ERROR;
				CLANG_WARN_DOCUMENTATION_COMMENTS = YES;
				CLANG_WARN_EMPTY_BODY = YES;
				CLANG_WARN_ENUM_CONVERSION = YES;
				CLANG_WARN_INFINITE_RECURSION = YES;
				CLANG_WARN_INT_CONVERSION = YES;
				CLANG_WARN_NON_LITERAL_NULL_CONVERSION = YES;
				CLANG_WARN_OBJC_IMPLICIT_RETAIN_SELF = YES;
				CLANG_WARN_OBJC_LITERAL_CONVERSION = YES;
				CLANG_WARN_OBJC_ROOT_CLASS = YES_ERROR;
				CLANG_WARN_RANGE_LOOP_ANALYSIS = YES;
				CLANG_WARN_STRICT_PROTOTYPES = YES;
				CLANG_WARN_SUSPICIOUS_MOVE = YES;
				CLANG_WARN_UNGUARDED_AVAILABILITY = YES_AGGRESSIVE;
				CLANG_WARN_UNREACHABLE_CODE = YES;
				CLANG_WARN__DUPLICATE_METHOD_MATCH = YES;
				COPY_PHASE_STRIP = NO;
				DEBUG_INFORMATION_FORMAT = dwarf;
				ENABLE_STRICT_OBJC_MSGSEND = YES;
				ENABLE_TESTABILITY = YES;
				GCC_C_LANGUAGE_STANDARD = gnu11;
				GCC_DYNAMIC_NO_PIC = NO;
				GCC_NO_COMMON_BLOCKS = YES;
				GCC_OPTIMIZATION_LEVEL = 0;
				GCC_PREPROCESSOR_DEFINITIONS = (
					"DEBUG=1",
					"$(inherited)",
				);
				GCC_WARN_64_TO_32_BIT_CONVERSION = YES;
				GCC_WARN_ABOUT_RETURN_TYPE = YES_ERROR;
				GCC_WARN_UNDECLARED_SELECTOR = YES;
				GCC_WARN_UNINITIALIZED_AUTOS = YES_AGGRESSIVE;
				GCC_WARN_UNUSED_FUNCTION = YES;
				GCC_WARN_UNUSED_VARIABLE = YES;
				MACOSX_DEPLOYMENT_TARGET = 10.15;
				MTL_ENABLE_DEBUG_INFO = INCLUDE_SOURCE;
				MTL_FAST_MATH = YES;
				ONLY_ACTIVE_ARCH = YES;
				SDKROOT = macosx;
				SWIFT_ACTIVE_COMPILATION_CONDITIONS = DEBUG;
				SWIFT_OPTIMIZATION_LEVEL = "-Onone";
			};
			name = Debug;
		};
		D361427F235F4CCA0060B31B /* Release */ = {
			isa = XCBuildConfiguration;
			buildSettings = {
				ALWAYS_SEARCH_USER_PATHS = NO;
				CLANG_ANALYZER_NONNULL = YES;
				CLANG_ANALYZER_NUMBER_OBJECT_CONVERSION = YES_AGGRESSIVE;
				CLANG_CXX_LANGUAGE_STANDARD = "gnu++14";
				CLANG_CXX_LIBRARY = "libc++";
				CLANG_ENABLE_MODULES = YES;
				CLANG_ENABLE_OBJC_ARC = YES;
				CLANG_ENABLE_OBJC_WEAK = YES;
				CLANG_WARN_BLOCK_CAPTURE_AUTORELEASING = YES;
				CLANG_WARN_BOOL_CONVERSION = YES;
				CLANG_WARN_COMMA = YES;
				CLANG_WARN_CONSTANT_CONVERSION = YES;
				CLANG_WARN_DEPRECATED_OBJC_IMPLEMENTATIONS = YES;
				CLANG_WARN_DIRECT_OBJC_ISA_USAGE = YES_ERROR;
				CLANG_WARN_DOCUMENTATION_COMMENTS = YES;
				CLANG_WARN_EMPTY_BODY = YES;
				CLANG_WARN_ENUM_CONVERSION = YES;
				CLANG_WARN_INFINITE_RECURSION = YES;
				CLANG_WARN_INT_CONVERSION = YES;
				CLANG_WARN_NON_LITERAL_NULL_CONVERSION = YES;
				CLANG_WARN_OBJC_IMPLICIT_RETAIN_SELF = YES;
				CLANG_WARN_OBJC_LITERAL_CONVERSION = YES;
				CLANG_WARN_OBJC_ROOT_CLASS = YES_ERROR;
				CLANG_WARN_RANGE_LOOP_ANALYSIS = YES;
				CLANG_WARN_STRICT_PROTOTYPES = YES;
				CLANG_WARN_SUSPICIOUS_MOVE = YES;
				CLANG_WARN_UNGUARDED_AVAILABILITY = YES_AGGRESSIVE;
				CLANG_WARN_UNREACHABLE_CODE = YES;
				CLANG_WARN__DUPLICATE_METHOD_MATCH = YES;
				COPY_PHASE_STRIP = NO;
				DEBUG_INFORMATION_FORMAT = "dwarf-with-dsym";
				ENABLE_NS_ASSERTIONS = NO;
				ENABLE_STRICT_OBJC_MSGSEND = YES;
				GCC_C_LANGUAGE_STANDARD = gnu11;
				GCC_NO_COMMON_BLOCKS = YES;
				GCC_WARN_64_TO_32_BIT_CONVERSION = YES;
				GCC_WARN_ABOUT_RETURN_TYPE = YES_ERROR;
				GCC_WARN_UNDECLARED_SELECTOR = YES;
				GCC_WARN_UNINITIALIZED_AUTOS = YES_AGGRESSIVE;
				GCC_WARN_UNUSED_FUNCTION = YES;
				GCC_WARN_UNUSED_VARIABLE = YES;
				MACOSX_DEPLOYMENT_TARGET = 10.15;
				MTL_ENABLE_DEBUG_INFO = NO;
				MTL_FAST_MATH = YES;
				SDKROOT = macosx;
				SWIFT_COMPILATION_MODE = wholemodule;
				SWIFT_OPTIMIZATION_LEVEL = "-O";
			};
			name = Release;
		};
		D3614281235F4CCA0060B31B /* Debug */ = {
			isa = XCBuildConfiguration;
			buildSettings = {
				ASSETCATALOG_COMPILER_APPICON_NAME = AppIcon;
				CODE_SIGN_ENTITLEMENTS = PCH_DialogBoxBase/PCH_DialogBoxBase.entitlements;
				CODE_SIGN_STYLE = Automatic;
				COMBINE_HIDPI_IMAGES = YES;
				INFOPLIST_FILE = PCH_DialogBoxBase/Info.plist;
				LD_RUNPATH_SEARCH_PATHS = (
					"$(inherited)",
					"@executable_path/../Frameworks",
				);
				MACOSX_DEPLOYMENT_TARGET = 10.14;
				PRODUCT_BUNDLE_IDENTIFIER = "com.huberis-tech.PCH-DialogBoxBase";
				PRODUCT_NAME = "$(TARGET_NAME)";
				SWIFT_VERSION = 5.0;
			};
			name = Debug;
		};
		D3614282235F4CCA0060B31B /* Release */ = {
			isa = XCBuildConfiguration;
			buildSettings = {
				ASSETCATALOG_COMPILER_APPICON_NAME = AppIcon;
				CODE_SIGN_ENTITLEMENTS = PCH_DialogBoxBase/PCH_DialogBoxBase.entitlements;
				CODE_SIGN_STYLE = Automatic;
				COMBINE_HIDPI_IMAGES = YES;
				INFOPLIST_FILE = PCH_DialogBoxBase/Info.plist;
				LD_RUNPATH_SEARCH_PATHS = (
					"$(inherited)",
					"@executable_path/../Frameworks",
				);
				MACOSX_DEPLOYMENT_TARGET = 10.14;
				PRODUCT_BUNDLE_IDENTIFIER = "com.huberis-tech.PCH-DialogBoxBase";
				PRODUCT_NAME = "$(TARGET_NAME)";
				SWIFT_VERSION = 5.0;
			};
			name = Release;
		};
/* End XCBuildConfiguration section */

/* Begin XCConfigurationList section */
		D361426D235F4CC80060B31B /* Build configuration list for PBXProject "PCH_DialogBoxBase" */ = {
			isa = XCConfigurationList;
			buildConfigurations = (
				D361427E235F4CCA0060B31B /* Debug */,
				D361427F235F4CCA0060B31B /* Release */,
			);
			defaultConfigurationIsVisible = 0;
			defaultConfigurationName = Release;
		};
		D3614280235F4CCA0060B31B /* Build configuration list for PBXNativeTarget "PCH_DialogBoxBase" */ = {
			isa = XCConfigurationList;
			buildConfigurations = (
				D3614281235F4CCA0060B31B /* Debug */,
				D3614282235F4CCA0060B31B /* Release */,
			);
			defaultConfigurationIsVisible = 0;
			defaultConfigurationName = Release;
		};
/* End XCConfigurationList section */
	};
	rootObject = D361426A235F4CC80060B31B /* Project object */;
}
